// !$*UTF8*$!
{
	archiveVersion = 1;
	classes = {
	};
	objectVersion = 46;
	objects = {

/* Begin PBXBuildFile section */
		CE720A321BD1B076001F9DA9 /* AppDelegate.swift in Sources */ = {isa = PBXBuildFile; fileRef = CE720A311BD1B076001F9DA9 /* AppDelegate.swift */; };
		CE720A351BD1B076001F9DA9 /* PIO.xcdatamodeld in Sources */ = {isa = PBXBuildFile; fileRef = CE720A331BD1B076001F9DA9 /* PIO.xcdatamodeld */; };
		CE720A371BD1B076001F9DA9 /* MasterViewController.swift in Sources */ = {isa = PBXBuildFile; fileRef = CE720A361BD1B076001F9DA9 /* MasterViewController.swift */; };
		CE720A391BD1B076001F9DA9 /* DetailViewController.swift in Sources */ = {isa = PBXBuildFile; fileRef = CE720A381BD1B076001F9DA9 /* DetailViewController.swift */; };
		CE720A3C1BD1B076001F9DA9 /* Main.storyboard in Resources */ = {isa = PBXBuildFile; fileRef = CE720A3A1BD1B076001F9DA9 /* Main.storyboard */; };
		CE720A3E1BD1B076001F9DA9 /* Assets.xcassets in Resources */ = {isa = PBXBuildFile; fileRef = CE720A3D1BD1B076001F9DA9 /* Assets.xcassets */; };
		CE720A411BD1B076001F9DA9 /* LaunchScreen.storyboard in Resources */ = {isa = PBXBuildFile; fileRef = CE720A3F1BD1B076001F9DA9 /* LaunchScreen.storyboard */; };
/* End PBXBuildFile section */

/* Begin PBXFileReference section */
		CE6C43361BD5CC73004B6068 /* PIO 02.xcdatamodel */ = {isa = PBXFileReference; lastKnownFileType = wrapper.xcdatamodel; path = "PIO 02.xcdatamodel"; sourceTree = "<group>"; };
		CE720A2E1BD1B076001F9DA9 /* PIO.app */ = {isa = PBXFileReference; explicitFileType = wrapper.application; includeInIndex = 0; path = PIO.app; sourceTree = BUILT_PRODUCTS_DIR; };
		CE720A311BD1B076001F9DA9 /* AppDelegate.swift */ = {isa = PBXFileReference; lastKnownFileType = sourcecode.swift; path = AppDelegate.swift; sourceTree = "<group>"; };
		CE720A341BD1B076001F9DA9 /* PIO.xcdatamodel */ = {isa = PBXFileReference; lastKnownFileType = wrapper.xcdatamodel; path = PIO.xcdatamodel; sourceTree = "<group>"; };
		CE720A361BD1B076001F9DA9 /* MasterViewController.swift */ = {isa = PBXFileReference; lastKnownFileType = sourcecode.swift; path = MasterViewController.swift; sourceTree = "<group>"; };
		CE720A381BD1B076001F9DA9 /* DetailViewController.swift */ = {isa = PBXFileReference; lastKnownFileType = sourcecode.swift; path = DetailViewController.swift; sourceTree = "<group>"; };
		CE720A3B1BD1B076001F9DA9 /* Base */ = {isa = PBXFileReference; lastKnownFileType = file.storyboard; name = Base; path = Base.lproj/Main.storyboard; sourceTree = "<group>"; };
		CE720A3D1BD1B076001F9DA9 /* Assets.xcassets */ = {isa = PBXFileReference; lastKnownFileType = folder.assetcatalog; path = Assets.xcassets; sourceTree = "<group>"; };
		CE720A401BD1B076001F9DA9 /* Base */ = {isa = PBXFileReference; lastKnownFileType = file.storyboard; name = Base; path = Base.lproj/LaunchScreen.storyboard; sourceTree = "<group>"; };
		CE720A421BD1B076001F9DA9 /* Info.plist */ = {isa = PBXFileReference; lastKnownFileType = text.plist.xml; path = Info.plist; sourceTree = "<group>"; };
/* End PBXFileReference section */

/* Begin PBXFrameworksBuildPhase section */
		CE720A2B1BD1B076001F9DA9 /* Frameworks */ = {
			isa = PBXFrameworksBuildPhase;
			buildActionMask = 2147483647;
			files = (
			);
			runOnlyForDeploymentPostprocessing = 0;
		};
/* End PBXFrameworksBuildPhase section */

/* Begin PBXGroup section */
		CE720A251BD1B076001F9DA9 = {
			isa = PBXGroup;
			children = (
				CE720A301BD1B076001F9DA9 /* PIO */,
				CE720A2F1BD1B076001F9DA9 /* Products */,
			);
			sourceTree = "<group>";
		};
		CE720A2F1BD1B076001F9DA9 /* Products */ = {
			isa = PBXGroup;
			children = (
				CE720A2E1BD1B076001F9DA9 /* PIO.app */,
			);
			name = Products;
			sourceTree = "<group>";
		};
		CE720A301BD1B076001F9DA9 /* PIO */ = {
			isa = PBXGroup;
			children = (
				CE720A311BD1B076001F9DA9 /* AppDelegate.swift */,
				CE720A361BD1B076001F9DA9 /* MasterViewController.swift */,
				CE720A381BD1B076001F9DA9 /* DetailViewController.swift */,
				CE720A3A1BD1B076001F9DA9 /* Main.storyboard */,
				CE720A3D1BD1B076001F9DA9 /* Assets.xcassets */,
				CE720A3F1BD1B076001F9DA9 /* LaunchScreen.storyboard */,
				CE720A421BD1B076001F9DA9 /* Info.plist */,
				CE720A331BD1B076001F9DA9 /* PIO.xcdatamodeld */,
			);
			path = PIO;
			sourceTree = "<group>";
		};
/* End PBXGroup section */

/* Begin PBXNativeTarget section */
		CE720A2D1BD1B076001F9DA9 /* PIO */ = {
			isa = PBXNativeTarget;
			buildConfigurationList = CE720A451BD1B076001F9DA9 /* Build configuration list for PBXNativeTarget "PIO" */;
			buildPhases = (
				CE720A2A1BD1B076001F9DA9 /* Sources */,
				CE720A2B1BD1B076001F9DA9 /* Frameworks */,
				CE720A2C1BD1B076001F9DA9 /* Resources */,
			);
			buildRules = (
			);
			dependencies = (
			);
			name = PIO;
			productName = PIO;
			productReference = CE720A2E1BD1B076001F9DA9 /* PIO.app */;
			productType = "com.apple.product-type.application";
		};
/* End PBXNativeTarget section */

/* Begin PBXProject section */
		CE720A261BD1B076001F9DA9 /* Project object */ = {
			isa = PBXProject;
			attributes = {
				LastUpgradeCheck = 0700;
				ORGANIZATIONNAME = "Donoho Design Group, LLC";
				TargetAttributes = {
					CE720A2D1BD1B076001F9DA9 = {
						CreatedOnToolsVersion = 7.0.1;
					};
				};
			};
			buildConfigurationList = CE720A291BD1B076001F9DA9 /* Build configuration list for PBXProject "PIO" */;
			compatibilityVersion = "Xcode 3.2";
			developmentRegion = English;
			hasScannedForEncodings = 0;
			knownRegions = (
				en,
				Base,
			);
			mainGroup = CE720A251BD1B076001F9DA9;
			productRefGroup = CE720A2F1BD1B076001F9DA9 /* Products */;
			projectDirPath = "";
			projectRoot = "";
			targets = (
				CE720A2D1BD1B076001F9DA9 /* PIO */,
			);
		};
/* End PBXProject section */

/* Begin PBXResourcesBuildPhase section */
		CE720A2C1BD1B076001F9DA9 /* Resources */ = {
			isa = PBXResourcesBuildPhase;
			buildActionMask = 2147483647;
			files = (
				CE720A411BD1B076001F9DA9 /* LaunchScreen.storyboard in Resources */,
				CE720A3E1BD1B076001F9DA9 /* Assets.xcassets in Resources */,
				CE720A3C1BD1B076001F9DA9 /* Main.storyboard in Resources */,
			);
			runOnlyForDeploymentPostprocessing = 0;
		};
/* End PBXResourcesBuildPhase section */

/* Begin PBXSourcesBuildPhase section */
		CE720A2A1BD1B076001F9DA9 /* Sources */ = {
			isa = PBXSourcesBuildPhase;
			buildActionMask = 2147483647;
			files = (
				CE720A351BD1B076001F9DA9 /* PIO.xcdatamodeld in Sources */,
				CE720A321BD1B076001F9DA9 /* AppDelegate.swift in Sources */,
				CE720A371BD1B076001F9DA9 /* MasterViewController.swift in Sources */,
				CE720A391BD1B076001F9DA9 /* DetailViewController.swift in Sources */,
			);
			runOnlyForDeploymentPostprocessing = 0;
		};
/* End PBXSourcesBuildPhase section */

/* Begin PBXVariantGroup section */
		CE720A3A1BD1B076001F9DA9 /* Main.storyboard */ = {
			isa = PBXVariantGroup;
			children = (
				CE720A3B1BD1B076001F9DA9 /* Base */,
			);
			name = Main.storyboard;
			sourceTree = "<group>";
		};
		CE720A3F1BD1B076001F9DA9 /* LaunchScreen.storyboard */ = {
			isa = PBXVariantGroup;
			children = (
				CE720A401BD1B076001F9DA9 /* Base */,
			);
			name = LaunchScreen.storyboard;
			sourceTree = "<group>";
		};
/* End PBXVariantGroup section */

/* Begin XCBuildConfiguration section */
		CE720A431BD1B076001F9DA9 /* Debug */ = {
			isa = XCBuildConfiguration;
			buildSettings = {
				ALWAYS_SEARCH_USER_PATHS = NO;
				CLANG_CXX_LANGUAGE_STANDARD = "gnu++0x";
				CLANG_CXX_LIBRARY = "libc++";
				CLANG_ENABLE_MODULES = YES;
				CLANG_ENABLE_OBJC_ARC = YES;
				CLANG_WARN_BOOL_CONVERSION = YES;
				CLANG_WARN_CONSTANT_CONVERSION = YES;
				CLANG_WARN_DIRECT_OBJC_ISA_USAGE = YES_ERROR;
				CLANG_WARN_EMPTY_BODY = YES;
				CLANG_WARN_ENUM_CONVERSION = YES;
				CLANG_WARN_INT_CONVERSION = YES;
				CLANG_WARN_OBJC_ROOT_CLASS = YES_ERROR;
				CLANG_WARN_UNREACHABLE_CODE = YES;
				CLANG_WARN__DUPLICATE_METHOD_MATCH = YES;
				"CODE_SIGN_IDENTITY[sdk=iphoneos*]" = "iPhone Developer";
				COPY_PHASE_STRIP = NO;
				DEBUG_INFORMATION_FORMAT = dwarf;
				ENABLE_STRICT_OBJC_MSGSEND = YES;
				ENABLE_TESTABILITY = YES;
				GCC_C_LANGUAGE_STANDARD = gnu99;
				GCC_DYNAMIC_NO_PIC = NO;
				GCC_NO_COMMON_BLOCKS = YES;
				GCC_OPTIMIZATION_LEVEL = 0;
				GCC_PREPROCESSOR_DEFINITIONS = (
					"DEBUG=1",
					"$(inherited)",
				);
				GCC_WARN_64_TO_32_BIT_CONVERSION = YES;
				GCC_WARN_ABOUT_RETURN_TYPE = YES_ERROR;
				GCC_WARN_UNDECLARED_SELECTOR = YES;
				GCC_WARN_UNINITIALIZED_AUTOS = YES_AGGRESSIVE;
				GCC_WARN_UNUSED_FUNCTION = YES;
				GCC_WARN_UNUSED_VARIABLE = YES;
				IPHONEOS_DEPLOYMENT_TARGET = 9.0;
				MTL_ENABLE_DEBUG_INFO = YES;
				ONLY_ACTIVE_ARCH = YES;
				SDKROOT = iphoneos;
				SWIFT_OPTIMIZATION_LEVEL = "-Onone";
				TARGETED_DEVICE_FAMILY = "1,2";
			};
			name = Debug;
		};
		CE720A441BD1B076001F9DA9 /* Release */ = {
			isa = XCBuildConfiguration;
			buildSettings = {
				ALWAYS_SEARCH_USER_PATHS = NO;
				CLANG_CXX_LANGUAGE_STANDARD = "gnu++0x";
				CLANG_CXX_LIBRARY = "libc++";
				CLANG_ENABLE_MODULES = YES;
				CLANG_ENABLE_OBJC_ARC = YES;
				CLANG_WARN_BOOL_CONVERSION = YES;
				CLANG_WARN_CONSTANT_CONVERSION = YES;
				CLANG_WARN_DIRECT_OBJC_ISA_USAGE = YES_ERROR;
				CLANG_WARN_EMPTY_BODY = YES;
				CLANG_WARN_ENUM_CONVERSION = YES;
				CLANG_WARN_INT_CONVERSION = YES;
				CLANG_WARN_OBJC_ROOT_CLASS = YES_ERROR;
				CLANG_WARN_UNREACHABLE_CODE = YES;
				CLANG_WARN__DUPLICATE_METHOD_MATCH = YES;
				"CODE_SIGN_IDENTITY[sdk=iphoneos*]" = "iPhone Developer";
				COPY_PHASE_STRIP = NO;
				DEBUG_INFORMATION_FORMAT = "dwarf-with-dsym";
				ENABLE_NS_ASSERTIONS = NO;
				ENABLE_STRICT_OBJC_MSGSEND = YES;
				GCC_C_LANGUAGE_STANDARD = gnu99;
				GCC_NO_COMMON_BLOCKS = YES;
				GCC_WARN_64_TO_32_BIT_CONVERSION = YES;
				GCC_WARN_ABOUT_RETURN_TYPE = YES_ERROR;
				GCC_WARN_UNDECLARED_SELECTOR = YES;
				GCC_WARN_UNINITIALIZED_AUTOS = YES_AGGRESSIVE;
				GCC_WARN_UNUSED_FUNCTION = YES;
				GCC_WARN_UNUSED_VARIABLE = YES;
				IPHONEOS_DEPLOYMENT_TARGET = 9.0;
				MTL_ENABLE_DEBUG_INFO = NO;
				SDKROOT = iphoneos;
				TARGETED_DEVICE_FAMILY = "1,2";
				VALIDATE_PRODUCT = YES;
			};
			name = Release;
		};
		CE720A461BD1B076001F9DA9 /* Debug */ = {
			isa = XCBuildConfiguration;
			buildSettings = {
				ASSETCATALOG_COMPILER_APPICON_NAME = AppIcon;
				INFOPLIST_FILE = PIO/Info.plist;
				LD_RUNPATH_SEARCH_PATHS = "$(inherited) @executable_path/Frameworks";
				PRODUCT_BUNDLE_IDENTIFIER = com.ddg.PIO;
				PRODUCT_NAME = "$(TARGET_NAME)";
				TARGETED_DEVICE_FAMILY = "1,2";
			};
			name = Debug;
		};
		CE720A471BD1B076001F9DA9 /* Release */ = {
			isa = XCBuildConfiguration;
			buildSettings = {
				ASSETCATALOG_COMPILER_APPICON_NAME = AppIcon;
				INFOPLIST_FILE = PIO/Info.plist;
				LD_RUNPATH_SEARCH_PATHS = "$(inherited) @executable_path/Frameworks";
				PRODUCT_BUNDLE_IDENTIFIER = com.ddg.PIO;
				PRODUCT_NAME = "$(TARGET_NAME)";
				TARGETED_DEVICE_FAMILY = "1,2";
			};
			name = Release;
		};
/* End XCBuildConfiguration section */

/* Begin XCConfigurationList section */
		CE720A291BD1B076001F9DA9 /* Build configuration list for PBXProject "PIO" */ = {
			isa = XCConfigurationList;
			buildConfigurations = (
				CE720A431BD1B076001F9DA9 /* Debug */,
				CE720A441BD1B076001F9DA9 /* Release */,
			);
			defaultConfigurationIsVisible = 0;
			defaultConfigurationName = Release;
		};
		CE720A451BD1B076001F9DA9 /* Build configuration list for PBXNativeTarget "PIO" */ = {
			isa = XCConfigurationList;
			buildConfigurations = (
				CE720A461BD1B076001F9DA9 /* Debug */,
				CE720A471BD1B076001F9DA9 /* Release */,
			);
			defaultConfigurationIsVisible = 0;
			defaultConfigurationName = Release;
		};
/* End XCConfigurationList section */

/* Begin XCVersionGroup section */
		CE720A331BD1B076001F9DA9 /* PIO.xcdatamodeld */ = {
			isa = XCVersionGroup;
			children = (
				CE6C43361BD5CC73004B6068 /* PIO 02.xcdatamodel */,
				CE720A341BD1B076001F9DA9 /* PIO.xcdatamodel */,
			);
			currentVersion = CE6C43361BD5CC73004B6068 /* PIO 02.xcdatamodel */;
			path = PIO.xcdatamodeld;
			sourceTree = "<group>";
			versionGroupType = wrapper.xcdatamodel;
		};
/* End XCVersionGroup section */
	};
	rootObject = CE720A261BD1B076001F9DA9 /* Project object */;
}
